
Microsoft Visual Studio Solution File, Format Version 12.00
# Visual Studio Version 16
VisualStudioVersion = 16.0.30011.22
MinimumVisualStudioVersion = 10.0.40219.1
Project("{FAE04EC0-301F-11D3-BF4B-00C04F79EFBC}") = "WebLab03", "WebLab03.csproj", "{BC8977D8-3CDD-41FA-9A31-458EBC5222FE}"
EndProject
Global
	GlobalSection(SolutionConfigurationPlatforms) = preSolution
		Debug|Any CPU = Debug|Any CPU
		Release|Any CPU = Release|Any CPU
	EndGlobalSection
	GlobalSection(ProjectConfigurationPlatforms) = postSolution
		{BC8977D8-3CDD-41FA-9A31-458EBC5222FE}.Debug|Any CPU.ActiveCfg = Debug|Any CPU
		{BC8977D8-3CDD-41FA-9A31-458EBC5222FE}.Debug|Any CPU.Build.0 = Debug|Any CPU
		{BC8977D8-3CDD-41FA-9A31-458EBC5222FE}.Release|Any CPU.ActiveCfg = Release|Any CPU
		{BC8977D8-3CDD-41FA-9A31-458EBC5222FE}.Release|Any CPU.Build.0 = Release|Any CPU
	EndGlobalSection
	GlobalSection(SolutionProperties) = preSolution
		HideSolutionNode = FALSE
	EndGlobalSection
	GlobalSection(ExtensibilityGlobals) = postSolution
		SolutionGuid = {549400BE-F0D9-4F64-8923-6C5F2BEFCE02}
	EndGlobalSection
EndGlobal
